
Microsoft Visual Studio Solution File, Format Version 12.00
# Visual Studio 16
VisualStudioVersion = 16.8.30709.132
MinimumVisualStudioVersion = 10.0.40219.1
Project("{9A19103F-16F7-4668-BE54-9A1E7A4F7556}") = "FilterAndRank", "FilterAndRank\FilterAndRank.csproj", "{7EABE830-E96A-4E54-ABED-AD1F1A6D0CE5}"
EndProject
Project("{9A19103F-16F7-4668-BE54-9A1E7A4F7556}") = "FilterAndRank.Tests", "FilterAndRank.Tests\FilterAndRank.Tests.csproj", "{F37C029F-323D-4AF3-B2E6-24A3E7A72582}"
EndProject
Project("{2150E333-8FDC-42A3-9474-1A3956D46DE8}") = "Question Prompt", "Question Prompt", "{9C14A87A-E20D-4CF2-B5D6-91797E706395}"
	ProjectSection(SolutionItems) = preProject
		README.md = README.md
	EndProjectSection
EndProject
Global
	GlobalSection(SolutionConfigurationPlatforms) = preSolution
		Debug|Any CPU = Debug|Any CPU
		Release|Any CPU = Release|Any CPU
	EndGlobalSection
	GlobalSection(ProjectConfigurationPlatforms) = postSolution
		{7EABE830-E96A-4E54-ABED-AD1F1A6D0CE5}.Debug|Any CPU.ActiveCfg = Debug|Any CPU
		{7EABE830-E96A-4E54-ABED-AD1F1A6D0CE5}.Debug|Any CPU.Build.0 = Debug|Any CPU
		{7EABE830-E96A-4E54-ABED-AD1F1A6D0CE5}.Release|Any CPU.ActiveCfg = Release|Any CPU
		{7EABE830-E96A-4E54-ABED-AD1F1A6D0CE5}.Release|Any CPU.Build.0 = Release|Any CPU
		{F37C029F-323D-4AF3-B2E6-24A3E7A72582}.Debug|Any CPU.ActiveCfg = Debug|Any CPU
		{F37C029F-323D-4AF3-B2E6-24A3E7A72582}.Debug|Any CPU.Build.0 = Debug|Any CPU
		{F37C029F-323D-4AF3-B2E6-24A3E7A72582}.Release|Any CPU.ActiveCfg = Release|Any CPU
		{F37C029F-323D-4AF3-B2E6-24A3E7A72582}.Release|Any CPU.Build.0 = Release|Any CPU
	EndGlobalSection
	GlobalSection(SolutionProperties) = preSolution
		HideSolutionNode = FALSE
	EndGlobalSection
	GlobalSection(ExtensibilityGlobals) = postSolution
		SolutionGuid = {AFB6EC7F-DD6E-4BCF-9E70-CF2BF9161EEC}
	EndGlobalSection
EndGlobal
